
Microsoft Visual Studio Solution File, Format Version 12.00
# Visual Studio 15
VisualStudioVersion = 15.0.27004.2008
MinimumVisualStudioVersion = 10.0.40219.1
Project("{FAE04EC0-301F-11D3-BF4B-00C04F79EFBC}") = "CamlTester", "CamlTester\CamlTester.csproj", "{104BD74B-D8C5-487D-B146-1C6697202454}"
EndProject
Global
	GlobalSection(SolutionConfigurationPlatforms) = preSolution
		Debug|Any CPU = Debug|Any CPU
		Release|Any CPU = Release|Any CPU
	EndGlobalSection
	GlobalSection(ProjectConfigurationPlatforms) = postSolution
		{104BD74B-D8C5-487D-B146-1C6697202454}.Debug|Any CPU.ActiveCfg = Debug|Any CPU
		{104BD74B-D8C5-487D-B146-1C6697202454}.Debug|Any CPU.Build.0 = Debug|Any CPU
		{104BD74B-D8C5-487D-B146-1C6697202454}.Release|Any CPU.ActiveCfg = Release|Any CPU
		{104BD74B-D8C5-487D-B146-1C6697202454}.Release|Any CPU.Build.0 = Release|Any CPU
	EndGlobalSection
	GlobalSection(SolutionProperties) = preSolution
		HideSolutionNode = FALSE
	EndGlobalSection
	GlobalSection(ExtensibilityGlobals) = postSolution
		SolutionGuid = {DB25AE06-1782-48AB-82F0-DF1ADC916565}
	EndGlobalSection
EndGlobal
